
Microsoft Visual Studio Solution File, Format Version 12.00
# Visual Studio Version 17
VisualStudioVersion = 17.0.31903.59
MinimumVisualStudioVersion = 10.0.40219.1
Project("{2150E333-8FDC-42A3-9474-1A3956D46DE8}") = "backend", "backend", "{1AE8ACA6-933B-BF2A-3671-3E2EAC007D16}"
EndProject
Project("{2150E333-8FDC-42A3-9474-1A3956D46DE8}") = "src", "src", "{0F9113EE-888A-26D2-68B0-4A7D0A2A8745}"
EndProject
Project("{FAE04EC0-301F-11D3-BF4B-00C04F79EFBC}") = "Ignixa.Lab.Functions", "backend\src\Ignixa.Lab.Functions\Ignixa.Lab.Functions.csproj", "{9E4B4981-A3FB-4985-9166-8311DAC56BDD}"
EndProject
Project("{FAE04EC0-301F-11D3-BF4B-00C04F79EFBC}") = "Ignixa.Lab.Functions.Tests", "backend\test\Ignixa.Lab.Functions.Tests\Ignixa.Lab.Functions.Tests.csproj", "{28A0BD31-CE95-4A0C-B6B8-E4C7E32D130D}"
EndProject
Project("{2150E333-8FDC-42A3-9474-1A3956D46DE8}") = "src", "src", "{827E0CD3-B72D-47B6-A68D-7590B98EB39B}"
EndProject
Project("{FAE04EC0-301F-11D3-BF4B-00C04F79EFBC}") = "Ignixa.Lab.Suites", "backend\src\Ignixa.Lab.Suites\Ignixa.Lab.Suites.csproj", "{B7441AC8-E556-4BFE-AEAC-C5E53F18EAD2}"
EndProject
Global
	GlobalSection(SolutionConfigurationPlatforms) = preSolution
		Debug|Any CPU = Debug|Any CPU
		Debug|x64 = Debug|x64
		Debug|x86 = Debug|x86
		Release|Any CPU = Release|Any CPU
		Release|x64 = Release|x64
		Release|x86 = Release|x86
	EndGlobalSection
	GlobalSection(ProjectConfigurationPlatforms) = postSolution
		{9E4B4981-A3FB-4985-9166-8311DAC56BDD}.Debug|Any CPU.ActiveCfg = Debug|Any CPU
		{9E4B4981-A3FB-4985-9166-8311DAC56BDD}.Debug|Any CPU.Build.0 = Debug|Any CPU
		{9E4B4981-A3FB-4985-9166-8311DAC56BDD}.Debug|x64.ActiveCfg = Debug|Any CPU
		{9E4B4981-A3FB-4985-9166-8311DAC56BDD}.Debug|x64.Build.0 = Debug|Any CPU
		{9E4B4981-A3FB-4985-9166-8311DAC56BDD}.Debug|x86.ActiveCfg = Debug|Any CPU
		{9E4B4981-A3FB-4985-9166-8311DAC56BDD}.Debug|x86.Build.0 = Debug|Any CPU
		{9E4B4981-A3FB-4985-9166-8311DAC56BDD}.Release|Any CPU.ActiveCfg = Release|Any CPU
		{9E4B4981-A3FB-4985-9166-8311DAC56BDD}.Release|Any CPU.Build.0 = Release|Any CPU
		{9E4B4981-A3FB-4985-9166-8311DAC56BDD}.Release|x64.ActiveCfg = Release|Any CPU
		{9E4B4981-A3FB-4985-9166-8311DAC56BDD}.Release|x64.Build.0 = Release|Any CPU
		{9E4B4981-A3FB-4985-9166-8311DAC56BDD}.Release|x86.ActiveCfg = Release|Any CPU
		{9E4B4981-A3FB-4985-9166-8311DAC56BDD}.Release|x86.Build.0 = Release|Any CPU
		{28A0BD31-CE95-4A0C-B6B8-E4C7E32D130D}.Debug|Any CPU.ActiveCfg = Debug|Any CPU
		{28A0BD31-CE95-4A0C-B6B8-E4C7E32D130D}.Debug|Any CPU.Build.0 = Debug|Any CPU
		{28A0BD31-CE95-4A0C-B6B8-E4C7E32D130D}.Debug|x64.ActiveCfg = Debug|Any CPU
		{28A0BD31-CE95-4A0C-B6B8-E4C7E32D130D}.Debug|x64.Build.0 = Debug|Any CPU
		{28A0BD31-CE95-4A0C-B6B8-E4C7E32D130D}.Debug|x86.ActiveCfg = Debug|Any CPU
		{28A0BD31-CE95-4A0C-B6B8-E4C7E32D130D}.Debug|x86.Build.0 = Debug|Any CPU
		{28A0BD31-CE95-4A0C-B6B8-E4C7E32D130D}.Release|Any CPU.ActiveCfg = Release|Any CPU
		{28A0BD31-CE95-4A0C-B6B8-E4C7E32D130D}.Release|Any CPU.Build.0 = Release|Any CPU
		{28A0BD31-CE95-4A0C-B6B8-E4C7E32D130D}.Release|x64.ActiveCfg = Release|Any CPU
		{28A0BD31-CE95-4A0C-B6B8-E4C7E32D130D}.Release|x64.Build.0 = Release|Any CPU
		{28A0BD31-CE95-4A0C-B6B8-E4C7E32D130D}.Release|x86.ActiveCfg = Release|Any CPU
		{28A0BD31-CE95-4A0C-B6B8-E4C7E32D130D}.Release|x86.Build.0 = Release|Any CPU
		{B7441AC8-E556-4BFE-AEAC-C5E53F18EAD2}.Debug|Any CPU.ActiveCfg = Debug|Any CPU
		{B7441AC8-E556-4BFE-AEAC-C5E53F18EAD2}.Debug|Any CPU.Build.0 = Debug|Any CPU
		{B7441AC8-E556-4BFE-AEAC-C5E53F18EAD2}.Debug|x64.ActiveCfg = Debug|Any CPU
		{B7441AC8-E556-4BFE-AEAC-C5E53F18EAD2}.Debug|x64.Build.0 = Debug|Any CPU
		{B7441AC8-E556-4BFE-AEAC-C5E53F18EAD2}.Debug|x86.ActiveCfg = Debug|Any CPU
		{B7441AC8-E556-4BFE-AEAC-C5E53F18EAD2}.Debug|x86.Build.0 = Debug|Any CPU
		{B7441AC8-E556-4BFE-AEAC-C5E53F18EAD2}.Release|Any CPU.ActiveCfg = Release|Any CPU
		{B7441AC8-E556-4BFE-AEAC-C5E53F18EAD2}.Release|Any CPU.Build.0 = Release|Any CPU
		{B7441AC8-E556-4BFE-AEAC-C5E53F18EAD2}.Release|x64.ActiveCfg = Release|Any CPU
		{B7441AC8-E556-4BFE-AEAC-C5E53F18EAD2}.Release|x64.Build.0 = Release|Any CPU
		{B7441AC8-E556-4BFE-AEAC-C5E53F18EAD2}.Release|x86.ActiveCfg = Release|Any CPU
		{B7441AC8-E556-4BFE-AEAC-C5E53F18EAD2}.Release|x86.Build.0 = Release|Any CPU
	EndGlobalSection
	GlobalSection(SolutionProperties) = preSolution
		HideSolutionNode = FALSE
	EndGlobalSection
	GlobalSection(NestedProjects) = preSolution
		{0F9113EE-888A-26D2-68B0-4A7D0A2A8745} = {1AE8ACA6-933B-BF2A-3671-3E2EAC007D16}
		{9E4B4981-A3FB-4985-9166-8311DAC56BDD} = {0F9113EE-888A-26D2-68B0-4A7D0A2A8745}
		{28A0BD31-CE95-4A0C-B6B8-E4C7E32D130D} = {0F9113EE-888A-26D2-68B0-4A7D0A2A8745}
		{B7441AC8-E556-4BFE-AEAC-C5E53F18EAD2} = {827E0CD3-B72D-47B6-A68D-7590B98EB39B}
	EndGlobalSection
EndGlobal
